
Microsoft Visual Studio Solution File, Format Version 12.00
# Visual Studio 14
VisualStudioVersion = 14.0.24720.0
MinimumVisualStudioVersion = 10.0.40219.1
Project("{FAE04EC0-301F-11D3-BF4B-00C04F79EFBC}") = "Interrogation_VilGreen", "Interrogation_VilGreen\Interrogation_VilGreen.csproj", "{A53785CE-D5E9-494A-B1BD-E1B4B6692B62}"
EndProject
Project("{FAE04EC0-301F-11D3-BF4B-00C04F79EFBC}") = "DAL", "DAL\DAL.csproj", "{B53E6678-8E1B-46D8-8B41-328890BAF6C1}"
EndProject
Project("{FAE04EC0-301F-11D3-BF4B-00C04F79EFBC}") = "Test_Consol_VillGreen", "Test_Consol_VillGreen\Test_Consol_VillGreen.csproj", "{06C5B3AA-EC9F-4D7C-B395-4F7E012103EB}"
EndProject
Global
	GlobalSection(SolutionConfigurationPlatforms) = preSolution
		Debug|Any CPU = Debug|Any CPU
		Release|Any CPU = Release|Any CPU
	EndGlobalSection
	GlobalSection(ProjectConfigurationPlatforms) = postSolution
		{A53785CE-D5E9-494A-B1BD-E1B4B6692B62}.Debug|Any CPU.ActiveCfg = Debug|Any CPU
		{A53785CE-D5E9-494A-B1BD-E1B4B6692B62}.Debug|Any CPU.Build.0 = Debug|Any CPU
		{A53785CE-D5E9-494A-B1BD-E1B4B6692B62}.Release|Any CPU.ActiveCfg = Release|Any CPU
		{A53785CE-D5E9-494A-B1BD-E1B4B6692B62}.Release|Any CPU.Build.0 = Release|Any CPU
		{B53E6678-8E1B-46D8-8B41-328890BAF6C1}.Debug|Any CPU.ActiveCfg = Debug|Any CPU
		{B53E6678-8E1B-46D8-8B41-328890BAF6C1}.Debug|Any CPU.Build.0 = Debug|Any CPU
		{B53E6678-8E1B-46D8-8B41-328890BAF6C1}.Release|Any CPU.ActiveCfg = Release|Any CPU
		{B53E6678-8E1B-46D8-8B41-328890BAF6C1}.Release|Any CPU.Build.0 = Release|Any CPU
		{06C5B3AA-EC9F-4D7C-B395-4F7E012103EB}.Debug|Any CPU.ActiveCfg = Debug|Any CPU
		{06C5B3AA-EC9F-4D7C-B395-4F7E012103EB}.Debug|Any CPU.Build.0 = Debug|Any CPU
		{06C5B3AA-EC9F-4D7C-B395-4F7E012103EB}.Release|Any CPU.ActiveCfg = Release|Any CPU
		{06C5B3AA-EC9F-4D7C-B395-4F7E012103EB}.Release|Any CPU.Build.0 = Release|Any CPU
	EndGlobalSection
	GlobalSection(SolutionProperties) = preSolution
		HideSolutionNode = FALSE
	EndGlobalSection
EndGlobal
